// !$*UTF8*$!
{
	archiveVersion = 1;
	classes = {
	};
	objectVersion = 55;
	objects = {

/* Begin PBXBuildFile section */
		8D08E5F6275F98AB00355CE4 /* searchView.swift in Sources */ = {isa = PBXBuildFile; fileRef = 8D08E5F5275F98AB00355CE4 /* searchView.swift */; };
		8D2BCB902768C6A9004F49A9 /* myCryptoRow.swift in Sources */ = {isa = PBXBuildFile; fileRef = 8D2BCB8F2768C6A9004F49A9 /* myCryptoRow.swift */; };
		8D2BCB932768F0D0004F49A9 /* OwnedCrypto.xcdatamodeld in Sources */ = {isa = PBXBuildFile; fileRef = 8D2BCB912768F0D0004F49A9 /* OwnedCrypto.xcdatamodeld */; };
		8D2BCB952768F3B0004F49A9 /* Persistence.swift in Sources */ = {isa = PBXBuildFile; fileRef = 8D2BCB942768F3B0004F49A9 /* Persistence.swift */; };
		8D3CB06127677B75004CD8AD /* FunctionTests.swift in Sources */ = {isa = PBXBuildFile; fileRef = 8D3CB06027677B75004CD8AD /* FunctionTests.swift */; };
		8D97C7C0276A420B00AF02CE /* CoreDataTestStack.swift in Sources */ = {isa = PBXBuildFile; fileRef = 8D97C7BE276A3DBC00AF02CE /* CoreDataTestStack.swift */; };
		8DE510152760EA6E001C1EE0 /* watchListView.swift in Sources */ = {isa = PBXBuildFile; fileRef = 8DE510142760EA6E001C1EE0 /* watchListView.swift */; };
		8DF1297C275E372B00EE022B /* popularDetailView.swift in Sources */ = {isa = PBXBuildFile; fileRef = 8DF1297B275E372B00EE022B /* popularDetailView.swift */; };
		8DF1297E275E4C2600EE022B /* cryptoDetailView.swift in Sources */ = {isa = PBXBuildFile; fileRef = 8DF1297D275E4C2600EE022B /* cryptoDetailView.swift */; };
		B61307642754EE480094A35C /* Final_ProjectApp.swift in Sources */ = {isa = PBXBuildFile; fileRef = B61307632754EE480094A35C /* Final_ProjectApp.swift */; };
		B61307662754EE480094A35C /* ContentView.swift in Sources */ = {isa = PBXBuildFile; fileRef = B61307652754EE480094A35C /* ContentView.swift */; };
		B61307682754EE4D0094A35C /* Assets.xcassets in Resources */ = {isa = PBXBuildFile; fileRef = B61307672754EE4D0094A35C /* Assets.xcassets */; };
		B613076B2754EE4D0094A35C /* Preview Assets.xcassets in Resources */ = {isa = PBXBuildFile; fileRef = B613076A2754EE4D0094A35C /* Preview Assets.xcassets */; };
		B61307752754EE4E0094A35C /* Final_ProjectTests.swift in Sources */ = {isa = PBXBuildFile; fileRef = B61307742754EE4E0094A35C /* Final_ProjectTests.swift */; };
		B613077F2754EE4E0094A35C /* Final_ProjectUITests.swift in Sources */ = {isa = PBXBuildFile; fileRef = B613077E2754EE4E0094A35C /* Final_ProjectUITests.swift */; };
		B61307812754EE4E0094A35C /* Final_ProjectUITestsLaunchTests.swift in Sources */ = {isa = PBXBuildFile; fileRef = B61307802754EE4E0094A35C /* Final_ProjectUITestsLaunchTests.swift */; };
		B655B4DB2765198300C41201 /* MyCryptos.swift in Sources */ = {isa = PBXBuildFile; fileRef = B655B4DA2765198300C41201 /* MyCryptos.swift */; };
		B6C2A3A82757CD7C00BE12F2 /* CurrencyModel.swift in Sources */ = {isa = PBXBuildFile; fileRef = B6C2A3A72757CD7C00BE12F2 /* CurrencyModel.swift */; };
		B6C2A3AA2757CE6C00BE12F2 /* Currency.swift in Sources */ = {isa = PBXBuildFile; fileRef = B6C2A3A92757CE6C00BE12F2 /* Currency.swift */; };
		B6C2A3AC2757D24A00BE12F2 /* CurrencySet.swift in Sources */ = {isa = PBXBuildFile; fileRef = B6C2A3AB2757D24A00BE12F2 /* CurrencySet.swift */; };
		B6C2A3AE2760F9AD00BE12F2 /* buyView.swift in Sources */ = {isa = PBXBuildFile; fileRef = 8D4C5534275F50F6001CF5CA /* buyView.swift */; };
/* End PBXBuildFile section */

/* Begin PBXContainerItemProxy section */
		B61307712754EE4E0094A35C /* PBXContainerItemProxy */ = {
			isa = PBXContainerItemProxy;
			containerPortal = B61307582754EE480094A35C /* Project object */;
			proxyType = 1;
			remoteGlobalIDString = B613075F2754EE480094A35C;
			remoteInfo = "Final Project";
		};
		B613077B2754EE4E0094A35C /* PBXContainerItemProxy */ = {
			isa = PBXContainerItemProxy;
			containerPortal = B61307582754EE480094A35C /* Project object */;
			proxyType = 1;
			remoteGlobalIDString = B613075F2754EE480094A35C;
			remoteInfo = "Final Project";
		};
/* End PBXContainerItemProxy section */

/* Begin PBXFileReference section */
		8D08E5F5275F98AB00355CE4 /* searchView.swift */ = {isa = PBXFileReference; lastKnownFileType = sourcecode.swift; path = searchView.swift; sourceTree = "<group>"; };
		8D2BCB8F2768C6A9004F49A9 /* myCryptoRow.swift */ = {isa = PBXFileReference; lastKnownFileType = sourcecode.swift; path = myCryptoRow.swift; sourceTree = "<group>"; };
		8D2BCB922768F0D0004F49A9 /* OwnedCrypto.xcdatamodel */ = {isa = PBXFileReference; lastKnownFileType = wrapper.xcdatamodel; path = OwnedCrypto.xcdatamodel; sourceTree = "<group>"; };
		8D2BCB942768F3B0004F49A9 /* Persistence.swift */ = {isa = PBXFileReference; lastKnownFileType = sourcecode.swift; path = Persistence.swift; sourceTree = "<group>"; };
		8D3CB06027677B75004CD8AD /* FunctionTests.swift */ = {isa = PBXFileReference; lastKnownFileType = sourcecode.swift; path = FunctionTests.swift; sourceTree = "<group>"; };
		8D4C5534275F50F6001CF5CA /* buyView.swift */ = {isa = PBXFileReference; lastKnownFileType = sourcecode.swift; path = buyView.swift; sourceTree = "<group>"; };
		8D97C7BE276A3DBC00AF02CE /* CoreDataTestStack.swift */ = {isa = PBXFileReference; lastKnownFileType = sourcecode.swift; path = CoreDataTestStack.swift; sourceTree = "<group>"; };
		8DE510142760EA6E001C1EE0 /* watchListView.swift */ = {isa = PBXFileReference; lastKnownFileType = sourcecode.swift; path = watchListView.swift; sourceTree = "<group>"; };
		8DF1297B275E372B00EE022B /* popularDetailView.swift */ = {isa = PBXFileReference; lastKnownFileType = sourcecode.swift; path = popularDetailView.swift; sourceTree = "<group>"; };
		8DF1297D275E4C2600EE022B /* cryptoDetailView.swift */ = {isa = PBXFileReference; lastKnownFileType = sourcecode.swift; path = cryptoDetailView.swift; sourceTree = "<group>"; };
		B61307602754EE480094A35C /* Final Project.app */ = {isa = PBXFileReference; explicitFileType = wrapper.application; includeInIndex = 0; path = "Final Project.app"; sourceTree = BUILT_PRODUCTS_DIR; };
		B61307632754EE480094A35C /* Final_ProjectApp.swift */ = {isa = PBXFileReference; lastKnownFileType = sourcecode.swift; name = Final_ProjectApp.swift; path = "Final Project/Final_ProjectApp.swift"; sourceTree = SOURCE_ROOT; };
		B61307652754EE480094A35C /* ContentView.swift */ = {isa = PBXFileReference; lastKnownFileType = sourcecode.swift; name = ContentView.swift; path = "Final Project/Preview Content/ContentView.swift"; sourceTree = SOURCE_ROOT; };
		B61307672754EE4D0094A35C /* Assets.xcassets */ = {isa = PBXFileReference; lastKnownFileType = folder.assetcatalog; path = Assets.xcassets; sourceTree = "<group>"; };
		B613076A2754EE4D0094A35C /* Preview Assets.xcassets */ = {isa = PBXFileReference; lastKnownFileType = folder.assetcatalog; path = "Preview Assets.xcassets"; sourceTree = "<group>"; };
		B61307702754EE4E0094A35C /* Final ProjectTests.xctest */ = {isa = PBXFileReference; explicitFileType = wrapper.cfbundle; includeInIndex = 0; path = "Final ProjectTests.xctest"; sourceTree = BUILT_PRODUCTS_DIR; };
		B61307742754EE4E0094A35C /* Final_ProjectTests.swift */ = {isa = PBXFileReference; lastKnownFileType = sourcecode.swift; path = Final_ProjectTests.swift; sourceTree = "<group>"; };
		B613077A2754EE4E0094A35C /* Final ProjectUITests.xctest */ = {isa = PBXFileReference; explicitFileType = wrapper.cfbundle; includeInIndex = 0; path = "Final ProjectUITests.xctest"; sourceTree = BUILT_PRODUCTS_DIR; };
		B613077E2754EE4E0094A35C /* Final_ProjectUITests.swift */ = {isa = PBXFileReference; lastKnownFileType = sourcecode.swift; path = Final_ProjectUITests.swift; sourceTree = "<group>"; };
		B61307802754EE4E0094A35C /* Final_ProjectUITestsLaunchTests.swift */ = {isa = PBXFileReference; lastKnownFileType = sourcecode.swift; path = Final_ProjectUITestsLaunchTests.swift; sourceTree = "<group>"; };
		B655B4DA2765198300C41201 /* MyCryptos.swift */ = {isa = PBXFileReference; lastKnownFileType = sourcecode.swift; path = MyCryptos.swift; sourceTree = "<group>"; };
		B6C2A3A72757CD7C00BE12F2 /* CurrencyModel.swift */ = {isa = PBXFileReference; lastKnownFileType = sourcecode.swift; name = CurrencyModel.swift; path = "Final Project/CurrencyModel.swift"; sourceTree = SOURCE_ROOT; };
		B6C2A3A92757CE6C00BE12F2 /* Currency.swift */ = {isa = PBXFileReference; lastKnownFileType = sourcecode.swift; name = Currency.swift; path = "Final Project/Currency.swift"; sourceTree = SOURCE_ROOT; };
		B6C2A3AB2757D24A00BE12F2 /* CurrencySet.swift */ = {isa = PBXFileReference; lastKnownFileType = sourcecode.swift; name = CurrencySet.swift; path = "Final Project/CurrencySet.swift"; sourceTree = SOURCE_ROOT; };
/* End PBXFileReference section */

/* Begin PBXFrameworksBuildPhase section */
		B613075D2754EE480094A35C /* Frameworks */ = {
			isa = PBXFrameworksBuildPhase;
			buildActionMask = 2147483647;
			files = (
			);
			runOnlyForDeploymentPostprocessing = 0;
		};
		B613076D2754EE4E0094A35C /* Frameworks */ = {
			isa = PBXFrameworksBuildPhase;
			buildActionMask = 2147483647;
			files = (
			);
			runOnlyForDeploymentPostprocessing = 0;
		};
		B61307772754EE4E0094A35C /* Frameworks */ = {
			isa = PBXFrameworksBuildPhase;
			buildActionMask = 2147483647;
			files = (
			);
			runOnlyForDeploymentPostprocessing = 0;
		};
/* End PBXFrameworksBuildPhase section */

/* Begin PBXGroup section */
		B61307572754EE480094A35C = {
			isa = PBXGroup;
			children = (
				B61307622754EE480094A35C /* Final Project */,
				B61307732754EE4E0094A35C /* Final ProjectTests */,
				B613077D2754EE4E0094A35C /* Final ProjectUITests */,
				B61307612754EE480094A35C /* Products */,
			);
			sourceTree = "<group>";
		};
		B61307612754EE480094A35C /* Products */ = {
			isa = PBXGroup;
			children = (
				B61307602754EE480094A35C /* Final Project.app */,
				B61307702754EE4E0094A35C /* Final ProjectTests.xctest */,
				B613077A2754EE4E0094A35C /* Final ProjectUITests.xctest */,
			);
			name = Products;
			sourceTree = "<group>";
		};
		B61307622754EE480094A35C /* Final Project */ = {
			isa = PBXGroup;
			children = (
				B61307632754EE480094A35C /* Final_ProjectApp.swift */,
				B6C2A3AB2757D24A00BE12F2 /* CurrencySet.swift */,
				B6C2A3A72757CD7C00BE12F2 /* CurrencyModel.swift */,
				8D2BCB942768F3B0004F49A9 /* Persistence.swift */,
				B655B4DA2765198300C41201 /* MyCryptos.swift */,
				B6C2A3A92757CE6C00BE12F2 /* Currency.swift */,
				B61307672754EE4D0094A35C /* Assets.xcassets */,
				B61307692754EE4D0094A35C /* Preview Content */,
			);
			path = "Final Project";
			sourceTree = SOURCE_ROOT;
		};
		B61307692754EE4D0094A35C /* Preview Content */ = {
			isa = PBXGroup;
			children = (
				B613076A2754EE4D0094A35C /* Preview Assets.xcassets */,
				B61307652754EE480094A35C /* ContentView.swift */,
				8DF1297B275E372B00EE022B /* popularDetailView.swift */,
				8DF1297D275E4C2600EE022B /* cryptoDetailView.swift */,
				8D4C5534275F50F6001CF5CA /* buyView.swift */,
				8D08E5F5275F98AB00355CE4 /* searchView.swift */,
				8DE510142760EA6E001C1EE0 /* watchListView.swift */,
				8D2BCB8F2768C6A9004F49A9 /* myCryptoRow.swift */,
				8D2BCB912768F0D0004F49A9 /* OwnedCrypto.xcdatamodeld */,
			);
			path = "Preview Content";
			sourceTree = "<group>";
		};
		B61307732754EE4E0094A35C /* Final ProjectTests */ = {
			isa = PBXGroup;
			children = (
				8D3CB06027677B75004CD8AD /* FunctionTests.swift */,
				8D97C7BE276A3DBC00AF02CE /* CoreDataTestStack.swift */,
				B61307742754EE4E0094A35C /* Final_ProjectTests.swift */,
			);
			path = "Final ProjectTests";
			sourceTree = "<group>";
		};
		B613077D2754EE4E0094A35C /* Final ProjectUITests */ = {
			isa = PBXGroup;
			children = (
				B613077E2754EE4E0094A35C /* Final_ProjectUITests.swift */,
				B61307802754EE4E0094A35C /* Final_ProjectUITestsLaunchTests.swift */,
			);
			path = "Final ProjectUITests";
			sourceTree = "<group>";
		};
/* End PBXGroup section */

/* Begin PBXNativeTarget section */
		B613075F2754EE480094A35C /* Final Project */ = {
			isa = PBXNativeTarget;
			buildConfigurationList = B61307842754EE4E0094A35C /* Build configuration list for PBXNativeTarget "Final Project" */;
			buildPhases = (
				B613075C2754EE480094A35C /* Sources */,
				B613075D2754EE480094A35C /* Frameworks */,
				B613075E2754EE480094A35C /* Resources */,
			);
			buildRules = (
			);
			dependencies = (
			);
			name = "Final Project";
			productName = "Final Project";
			productReference = B61307602754EE480094A35C /* Final Project.app */;
			productType = "com.apple.product-type.application";
		};
		B613076F2754EE4E0094A35C /* Final ProjectTests */ = {
			isa = PBXNativeTarget;
			buildConfigurationList = B61307872754EE4E0094A35C /* Build configuration list for PBXNativeTarget "Final ProjectTests" */;
			buildPhases = (
				B613076C2754EE4E0094A35C /* Sources */,
				B613076D2754EE4E0094A35C /* Frameworks */,
				B613076E2754EE4E0094A35C /* Resources */,
			);
			buildRules = (
			);
			dependencies = (
				B61307722754EE4E0094A35C /* PBXTargetDependency */,
			);
			name = "Final ProjectTests";
			productName = "Final ProjectTests";
			productReference = B61307702754EE4E0094A35C /* Final ProjectTests.xctest */;
			productType = "com.apple.product-type.bundle.unit-test";
		};
		B61307792754EE4E0094A35C /* Final ProjectUITests */ = {
			isa = PBXNativeTarget;
			buildConfigurationList = B613078A2754EE4E0094A35C /* Build configuration list for PBXNativeTarget "Final ProjectUITests" */;
			buildPhases = (
				B61307762754EE4E0094A35C /* Sources */,
				B61307772754EE4E0094A35C /* Frameworks */,
				B61307782754EE4E0094A35C /* Resources */,
			);
			buildRules = (
			);
			dependencies = (
				B613077C2754EE4E0094A35C /* PBXTargetDependency */,
			);
			name = "Final ProjectUITests";
			productName = "Final ProjectUITests";
			productReference = B613077A2754EE4E0094A35C /* Final ProjectUITests.xctest */;
			productType = "com.apple.product-type.bundle.ui-testing";
		};
/* End PBXNativeTarget section */

/* Begin PBXProject section */
		B61307582754EE480094A35C /* Project object */ = {
			isa = PBXProject;
			attributes = {
				BuildIndependentTargetsInParallel = 1;
				LastSwiftUpdateCheck = 1310;
				LastUpgradeCheck = 1310;
				TargetAttributes = {
					B613075F2754EE480094A35C = {
						CreatedOnToolsVersion = 13.1;
					};
					B613076F2754EE4E0094A35C = {
						CreatedOnToolsVersion = 13.1;
						TestTargetID = B613075F2754EE480094A35C;
					};
					B61307792754EE4E0094A35C = {
						CreatedOnToolsVersion = 13.1;
						TestTargetID = B613075F2754EE480094A35C;
					};
				};
			};
			buildConfigurationList = B613075B2754EE480094A35C /* Build configuration list for PBXProject "Final Project" */;
			compatibilityVersion = "Xcode 13.0";
			developmentRegion = en;
			hasScannedForEncodings = 0;
			knownRegions = (
				en,
				Base,
			);
			mainGroup = B61307572754EE480094A35C;
			productRefGroup = B61307612754EE480094A35C /* Products */;
			projectDirPath = "";
			projectRoot = "";
			targets = (
				B613075F2754EE480094A35C /* Final Project */,
				B613076F2754EE4E0094A35C /* Final ProjectTests */,
				B61307792754EE4E0094A35C /* Final ProjectUITests */,
			);
		};
/* End PBXProject section */

/* Begin PBXResourcesBuildPhase section */
		B613075E2754EE480094A35C /* Resources */ = {
			isa = PBXResourcesBuildPhase;
			buildActionMask = 2147483647;
			files = (
				B613076B2754EE4D0094A35C /* Preview Assets.xcassets in Resources */,
				B61307682754EE4D0094A35C /* Assets.xcassets in Resources */,
			);
			runOnlyForDeploymentPostprocessing = 0;
		};
		B613076E2754EE4E0094A35C /* Resources */ = {
			isa = PBXResourcesBuildPhase;
			buildActionMask = 2147483647;
			files = (
			);
			runOnlyForDeploymentPostprocessing = 0;
		};
		B61307782754EE4E0094A35C /* Resources */ = {
			isa = PBXResourcesBuildPhase;
			buildActionMask = 2147483647;
			files = (
			);
			runOnlyForDeploymentPostprocessing = 0;
		};
/* End PBXResourcesBuildPhase section */

/* Begin PBXSourcesBuildPhase section */
		B613075C2754EE480094A35C /* Sources */ = {
			isa = PBXSourcesBuildPhase;
			buildActionMask = 2147483647;
			files = (
				8D08E5F6275F98AB00355CE4 /* searchView.swift in Sources */,
				B6C2A3AC2757D24A00BE12F2 /* CurrencySet.swift in Sources */,
				B6C2A3AA2757CE6C00BE12F2 /* Currency.swift in Sources */,
				8DE510152760EA6E001C1EE0 /* watchListView.swift in Sources */,
				8DF1297E275E4C2600EE022B /* cryptoDetailView.swift in Sources */,
				B6C2A3AE2760F9AD00BE12F2 /* buyView.swift in Sources */,
				B61307662754EE480094A35C /* ContentView.swift in Sources */,
				8D2BCB932768F0D0004F49A9 /* OwnedCrypto.xcdatamodeld in Sources */,
				8D2BCB952768F3B0004F49A9 /* Persistence.swift in Sources */,
				B655B4DB2765198300C41201 /* MyCryptos.swift in Sources */,
				8D2BCB902768C6A9004F49A9 /* myCryptoRow.swift in Sources */,
				8DF1297C275E372B00EE022B /* popularDetailView.swift in Sources */,
				B61307642754EE480094A35C /* Final_ProjectApp.swift in Sources */,
				B6C2A3A82757CD7C00BE12F2 /* CurrencyModel.swift in Sources */,
			);
			runOnlyForDeploymentPostprocessing = 0;
		};
		B613076C2754EE4E0094A35C /* Sources */ = {
			isa = PBXSourcesBuildPhase;
			buildActionMask = 2147483647;
			files = (
				B61307752754EE4E0094A35C /* Final_ProjectTests.swift in Sources */,
				8D97C7C0276A420B00AF02CE /* CoreDataTestStack.swift in Sources */,
				8D3CB06127677B75004CD8AD /* FunctionTests.swift in Sources */,
			);
			runOnlyForDeploymentPostprocessing = 0;
		};
		B61307762754EE4E0094A35C /* Sources */ = {
			isa = PBXSourcesBuildPhase;
			buildActionMask = 2147483647;
			files = (
				B613077F2754EE4E0094A35C /* Final_ProjectUITests.swift in Sources */,
				B61307812754EE4E0094A35C /* Final_ProjectUITestsLaunchTests.swift in Sources */,
			);
			runOnlyForDeploymentPostprocessing = 0;
		};
/* End PBXSourcesBuildPhase section */

/* Begin PBXTargetDependency section */
		B61307722754EE4E0094A35C /* PBXTargetDependency */ = {
			isa = PBXTargetDependency;
			target = B613075F2754EE480094A35C /* Final Project */;
			targetProxy = B61307712754EE4E0094A35C /* PBXContainerItemProxy */;
		};
		B613077C2754EE4E0094A35C /* PBXTargetDependency */ = {
			isa = PBXTargetDependency;
			target = B613075F2754EE480094A35C /* Final Project */;
			targetProxy = B613077B2754EE4E0094A35C /* PBXContainerItemProxy */;
		};
/* End PBXTargetDependency section */

/* Begin XCBuildConfiguration section */
		B61307822754EE4E0094A35C /* Debug */ = {
			isa = XCBuildConfiguration;
			buildSettings = {
				ALWAYS_SEARCH_USER_PATHS = NO;
				CLANG_ANALYZER_NONNULL = YES;
				CLANG_ANALYZER_NUMBER_OBJECT_CONVERSION = YES_AGGRESSIVE;
				CLANG_CXX_LANGUAGE_STANDARD = "gnu++17";
				CLANG_CXX_LIBRARY = "libc++";
				CLANG_ENABLE_MODULES = YES;
				CLANG_ENABLE_OBJC_ARC = YES;
				CLANG_ENABLE_OBJC_WEAK = YES;
				CLANG_WARN_BLOCK_CAPTURE_AUTORELEASING = YES;
				CLANG_WARN_BOOL_CONVERSION = YES;
				CLANG_WARN_COMMA = YES;
				CLANG_WARN_CONSTANT_CONVERSION = YES;
				CLANG_WARN_DEPRECATED_OBJC_IMPLEMENTATIONS = YES;
				CLANG_WARN_DIRECT_OBJC_ISA_USAGE = YES_ERROR;
				CLANG_WARN_DOCUMENTATION_COMMENTS = YES;
				CLANG_WARN_EMPTY_BODY = YES;
				CLANG_WARN_ENUM_CONVERSION = YES;
				CLANG_WARN_INFINITE_RECURSION = YES;
				CLANG_WARN_INT_CONVERSION = YES;
				CLANG_WARN_NON_LITERAL_NULL_CONVERSION = YES;
				CLANG_WARN_OBJC_IMPLICIT_RETAIN_SELF = YES;
				CLANG_WARN_OBJC_LITERAL_CONVERSION = YES;
				CLANG_WARN_OBJC_ROOT_CLASS = YES_ERROR;
				CLANG_WARN_QUOTED_INCLUDE_IN_FRAMEWORK_HEADER = YES;
				CLANG_WARN_RANGE_LOOP_ANALYSIS = YES;
				CLANG_WARN_STRICT_PROTOTYPES = YES;
				CLANG_WARN_SUSPICIOUS_MOVE = YES;
				CLANG_WARN_UNGUARDED_AVAILABILITY = YES_AGGRESSIVE;
				CLANG_WARN_UNREACHABLE_CODE = YES;
				CLANG_WARN__DUPLICATE_METHOD_MATCH = YES;
				COPY_PHASE_STRIP = NO;
				DEBUG_INFORMATION_FORMAT = dwarf;
				ENABLE_STRICT_OBJC_MSGSEND = YES;
				ENABLE_TESTABILITY = YES;
				GCC_C_LANGUAGE_STANDARD = gnu11;
				GCC_DYNAMIC_NO_PIC = NO;
				GCC_NO_COMMON_BLOCKS = YES;
				GCC_OPTIMIZATION_LEVEL = 0;
				GCC_PREPROCESSOR_DEFINITIONS = (
					"DEBUG=1",
					"$(inherited)",
				);
				GCC_WARN_64_TO_32_BIT_CONVERSION = YES;
				GCC_WARN_ABOUT_RETURN_TYPE = YES_ERROR;
				GCC_WARN_UNDECLARED_SELECTOR = YES;
				GCC_WARN_UNINITIALIZED_AUTOS = YES_AGGRESSIVE;
				GCC_WARN_UNUSED_FUNCTION = YES;
				GCC_WARN_UNUSED_VARIABLE = YES;
				IPHONEOS_DEPLOYMENT_TARGET = 15.0;
				MTL_ENABLE_DEBUG_INFO = INCLUDE_SOURCE;
				MTL_FAST_MATH = YES;
				ONLY_ACTIVE_ARCH = YES;
				SDKROOT = iphoneos;
				SWIFT_ACTIVE_COMPILATION_CONDITIONS = DEBUG;
				SWIFT_OPTIMIZATION_LEVEL = "-Onone";
			};
			name = Debug;
		};
		B61307832754EE4E0094A35C /* Release */ = {
			isa = XCBuildConfiguration;
			buildSettings = {
				ALWAYS_SEARCH_USER_PATHS = NO;
				CLANG_ANALYZER_NONNULL = YES;
				CLANG_ANALYZER_NUMBER_OBJECT_CONVERSION = YES_AGGRESSIVE;
				CLANG_CXX_LANGUAGE_STANDARD = "gnu++17";
				CLANG_CXX_LIBRARY = "libc++";
				CLANG_ENABLE_MODULES = YES;
				CLANG_ENABLE_OBJC_ARC = YES;
				CLANG_ENABLE_OBJC_WEAK = YES;
				CLANG_WARN_BLOCK_CAPTURE_AUTORELEASING = YES;
				CLANG_WARN_BOOL_CONVERSION = YES;
				CLANG_WARN_COMMA = YES;
				CLANG_WARN_CONSTANT_CONVERSION = YES;
				CLANG_WARN_DEPRECATED_OBJC_IMPLEMENTATIONS = YES;
				CLANG_WARN_DIRECT_OBJC_ISA_USAGE = YES_ERROR;
				CLANG_WARN_DOCUMENTATION_COMMENTS = YES;
				CLANG_WARN_EMPTY_BODY = YES;
				CLANG_WARN_ENUM_CONVERSION = YES;
				CLANG_WARN_INFINITE_RECURSION = YES;
				CLANG_WARN_INT_CONVERSION = YES;
				CLANG_WARN_NON_LITERAL_NULL_CONVERSION = YES;
				CLANG_WARN_OBJC_IMPLICIT_RETAIN_SELF = YES;
				CLANG_WARN_OBJC_LITERAL_CONVERSION = YES;
				CLANG_WARN_OBJC_ROOT_CLASS = YES_ERROR;
				CLANG_WARN_QUOTED_INCLUDE_IN_FRAMEWORK_HEADER = YES;
				CLANG_WARN_RANGE_LOOP_ANALYSIS = YES;
				CLANG_WARN_STRICT_PROTOTYPES = YES;
				CLANG_WARN_SUSPICIOUS_MOVE = YES;
				CLANG_WARN_UNGUARDED_AVAILABILITY = YES_AGGRESSIVE;
				CLANG_WARN_UNREACHABLE_CODE = YES;
				CLANG_WARN__DUPLICATE_METHOD_MATCH = YES;
				COPY_PHASE_STRIP = NO;
				DEBUG_INFORMATION_FORMAT = "dwarf-with-dsym";
				ENABLE_NS_ASSERTIONS = NO;
				ENABLE_STRICT_OBJC_MSGSEND = YES;
				GCC_C_LANGUAGE_STANDARD = gnu11;
				GCC_NO_COMMON_BLOCKS = YES;
				GCC_WARN_64_TO_32_BIT_CONVERSION = YES;
				GCC_WARN_ABOUT_RETURN_TYPE = YES_ERROR;
				GCC_WARN_UNDECLARED_SELECTOR = YES;
				GCC_WARN_UNINITIALIZED_AUTOS = YES_AGGRESSIVE;
				GCC_WARN_UNUSED_FUNCTION = YES;
				GCC_WARN_UNUSED_VARIABLE = YES;
				IPHONEOS_DEPLOYMENT_TARGET = 15.0;
				MTL_ENABLE_DEBUG_INFO = NO;
				MTL_FAST_MATH = YES;
				SDKROOT = iphoneos;
				SWIFT_COMPILATION_MODE = wholemodule;
				SWIFT_OPTIMIZATION_LEVEL = "-O";
				VALIDATE_PRODUCT = YES;
			};
			name = Release;
		};
		B61307852754EE4E0094A35C /* Debug */ = {
			isa = XCBuildConfiguration;
			buildSettings = {
				ASSETCATALOG_COMPILER_APPICON_NAME = AppIcon;
				ASSETCATALOG_COMPILER_GLOBAL_ACCENT_COLOR_NAME = AccentColor;
				CODE_SIGN_STYLE = Automatic;
				CURRENT_PROJECT_VERSION = 1;
				DEVELOPMENT_ASSET_PATHS = "\"Final Project/Preview Content\"";
				DEVELOPMENT_TEAM = LBE5PRTVJP;
				ENABLE_PREVIEWS = YES;
				GENERATE_INFOPLIST_FILE = YES;
				INFOPLIST_KEY_UIApplicationSceneManifest_Generation = YES;
				INFOPLIST_KEY_UIApplicationSupportsIndirectInputEvents = YES;
				INFOPLIST_KEY_UILaunchScreen_Generation = YES;
				INFOPLIST_KEY_UISupportedInterfaceOrientations_iPad = "UIInterfaceOrientationPortrait UIInterfaceOrientationPortraitUpsideDown UIInterfaceOrientationLandscapeLeft UIInterfaceOrientationLandscapeRight";
				INFOPLIST_KEY_UISupportedInterfaceOrientations_iPhone = "UIInterfaceOrientationPortrait UIInterfaceOrientationLandscapeLeft UIInterfaceOrientationLandscapeRight";
				LD_RUNPATH_SEARCH_PATHS = (
					"$(inherited)",
					"@executable_path/Frameworks",
				);
				MARKETING_VERSION = 1.0;
				PRODUCT_BUNDLE_IDENTIFIER = "lab.Final-Project";
				PRODUCT_NAME = "$(TARGET_NAME)";
				SWIFT_EMIT_LOC_STRINGS = YES;
				SWIFT_VERSION = 5.0;
				TARGETED_DEVICE_FAMILY = "1,2";
			};
			name = Debug;
		};
		B61307862754EE4E0094A35C /* Release */ = {
			isa = XCBuildConfiguration;
			buildSettings = {
				ASSETCATALOG_COMPILER_APPICON_NAME = AppIcon;
				ASSETCATALOG_COMPILER_GLOBAL_ACCENT_COLOR_NAME = AccentColor;
				CODE_SIGN_STYLE = Automatic;
				CURRENT_PROJECT_VERSION = 1;
				DEVELOPMENT_ASSET_PATHS = "\"Final Project/Preview Content\"";
				DEVELOPMENT_TEAM = LBE5PRTVJP;
				ENABLE_PREVIEWS = YES;
				GENERATE_INFOPLIST_FILE = YES;
				INFOPLIST_KEY_UIApplicationSceneManifest_Generation = YES;
				INFOPLIST_KEY_UIApplicationSupportsIndirectInputEvents = YES;
				INFOPLIST_KEY_UILaunchScreen_Generation = YES;
				INFOPLIST_KEY_UISupportedInterfaceOrientations_iPad = "UIInterfaceOrientationPortrait UIInterfaceOrientationPortraitUpsideDown UIInterfaceOrientationLandscapeLeft UIInterfaceOrientationLandscapeRight";
				INFOPLIST_KEY_UISupportedInterfaceOrientations_iPhone = "UIInterfaceOrientationPortrait UIInterfaceOrientationLandscapeLeft UIInterfaceOrientationLandscapeRight";
				LD_RUNPATH_SEARCH_PATHS = (
					"$(inherited)",
					"@executable_path/Frameworks",
				);
				MARKETING_VERSION = 1.0;
				PRODUCT_BUNDLE_IDENTIFIER = "lab.Final-Project";
				PRODUCT_NAME = "$(TARGET_NAME)";
				SWIFT_EMIT_LOC_STRINGS = YES;
				SWIFT_VERSION = 5.0;
				TARGETED_DEVICE_FAMILY = "1,2";
			};
			name = Release;
		};
		B61307882754EE4E0094A35C /* Debug */ = {
			isa = XCBuildConfiguration;
			buildSettings = {
				ALWAYS_EMBED_SWIFT_STANDARD_LIBRARIES = YES;
				BUNDLE_LOADER = "$(TEST_HOST)";
				CODE_SIGN_STYLE = Automatic;
				CURRENT_PROJECT_VERSION = 1;
				DEVELOPMENT_TEAM = C9AS9N5K7D;
				GENERATE_INFOPLIST_FILE = YES;
				IPHONEOS_DEPLOYMENT_TARGET = 15.0;
				LD_RUNPATH_SEARCH_PATHS = (
					"$(inherited)",
					"@executable_path/Frameworks",
					"@loader_path/Frameworks",
				);
				MARKETING_VERSION = 1.0;
				PRODUCT_BUNDLE_IDENTIFIER = "lab.Final-ProjectTests";
				PRODUCT_NAME = "$(TARGET_NAME)";
				SWIFT_EMIT_LOC_STRINGS = NO;
				SWIFT_VERSION = 5.0;
				TARGETED_DEVICE_FAMILY = "1,2";
				TEST_HOST = "$(BUILT_PRODUCTS_DIR)/Final Project.app/Final Project";
			};
			name = Debug;
		};
		B61307892754EE4E0094A35C /* Release */ = {
			isa = XCBuildConfiguration;
			buildSettings = {
				ALWAYS_EMBED_SWIFT_STANDARD_LIBRARIES = YES;
				BUNDLE_LOADER = "$(TEST_HOST)";
				CODE_SIGN_STYLE = Automatic;
				CURRENT_PROJECT_VERSION = 1;
				DEVELOPMENT_TEAM = C9AS9N5K7D;
				GENERATE_INFOPLIST_FILE = YES;
				IPHONEOS_DEPLOYMENT_TARGET = 15.0;
				LD_RUNPATH_SEARCH_PATHS = (
					"$(inherited)",
					"@executable_path/Frameworks",
					"@loader_path/Frameworks",
				);
				MARKETING_VERSION = 1.0;
				PRODUCT_BUNDLE_IDENTIFIER = "lab.Final-ProjectTests";
				PRODUCT_NAME = "$(TARGET_NAME)";
				SWIFT_EMIT_LOC_STRINGS = NO;
				SWIFT_VERSION = 5.0;
				TARGETED_DEVICE_FAMILY = "1,2";
				TEST_HOST = "$(BUILT_PRODUCTS_DIR)/Final Project.app/Final Project";
			};
			name = Release;
		};
		B613078B2754EE4E0094A35C /* Debug */ = {
			isa = XCBuildConfiguration;
			buildSettings = {
				ALWAYS_EMBED_SWIFT_STANDARD_LIBRARIES = YES;
				CODE_SIGN_STYLE = Automatic;
				CURRENT_PROJECT_VERSION = 1;
				DEVELOPMENT_TEAM = C9AS9N5K7D;
				GENERATE_INFOPLIST_FILE = YES;
				LD_RUNPATH_SEARCH_PATHS = (
					"$(inherited)",
					"@executable_path/Frameworks",
					"@loader_path/Frameworks",
				);
				MARKETING_VERSION = 1.0;
				PRODUCT_BUNDLE_IDENTIFIER = "lab.Final-ProjectUITests";
				PRODUCT_NAME = "$(TARGET_NAME)";
				SWIFT_EMIT_LOC_STRINGS = NO;
				SWIFT_VERSION = 5.0;
				TARGETED_DEVICE_FAMILY = "1,2";
				TEST_TARGET_NAME = "Final Project";
			};
			name = Debug;
		};
		B613078C2754EE4E0094A35C /* Release */ = {
			isa = XCBuildConfiguration;
			buildSettings = {
				ALWAYS_EMBED_SWIFT_STANDARD_LIBRARIES = YES;
				CODE_SIGN_STYLE = Automatic;
				CURRENT_PROJECT_VERSION = 1;
				DEVELOPMENT_TEAM = C9AS9N5K7D;
				GENERATE_INFOPLIST_FILE = YES;
				LD_RUNPATH_SEARCH_PATHS = (
					"$(inherited)",
					"@executable_path/Frameworks",
					"@loader_path/Frameworks",
				);
				MARKETING_VERSION = 1.0;
				PRODUCT_BUNDLE_IDENTIFIER = "lab.Final-ProjectUITests";
				PRODUCT_NAME = "$(TARGET_NAME)";
				SWIFT_EMIT_LOC_STRINGS = NO;
				SWIFT_VERSION = 5.0;
				TARGETED_DEVICE_FAMILY = "1,2";
				TEST_TARGET_NAME = "Final Project";
			};
			name = Release;
		};
/* End XCBuildConfiguration section */

/* Begin XCConfigurationList section */
		B613075B2754EE480094A35C /* Build configuration list for PBXProject "Final Project" */ = {
			isa = XCConfigurationList;
			buildConfigurations = (
				B61307822754EE4E0094A35C /* Debug */,
				B61307832754EE4E0094A35C /* Release */,
			);
			defaultConfigurationIsVisible = 0;
			defaultConfigurationName = Release;
		};
		B61307842754EE4E0094A35C /* Build configuration list for PBXNativeTarget "Final Project" */ = {
			isa = XCConfigurationList;
			buildConfigurations = (
				B61307852754EE4E0094A35C /* Debug */,
				B61307862754EE4E0094A35C /* Release */,
			);
			defaultConfigurationIsVisible = 0;
			defaultConfigurationName = Release;
		};
		B61307872754EE4E0094A35C /* Build configuration list for PBXNativeTarget "Final ProjectTests" */ = {
			isa = XCConfigurationList;
			buildConfigurations = (
				B61307882754EE4E0094A35C /* Debug */,
				B61307892754EE4E0094A35C /* Release */,
			);
			defaultConfigurationIsVisible = 0;
			defaultConfigurationName = Release;
		};
		B613078A2754EE4E0094A35C /* Build configuration list for PBXNativeTarget "Final ProjectUITests" */ = {
			isa = XCConfigurationList;
			buildConfigurations = (
				B613078B2754EE4E0094A35C /* Debug */,
				B613078C2754EE4E0094A35C /* Release */,
			);
			defaultConfigurationIsVisible = 0;
			defaultConfigurationName = Release;
		};
/* End XCConfigurationList section */

/* Begin XCVersionGroup section */
		8D2BCB912768F0D0004F49A9 /* OwnedCrypto.xcdatamodeld */ = {
			isa = XCVersionGroup;
			children = (
				8D2BCB922768F0D0004F49A9 /* OwnedCrypto.xcdatamodel */,
			);
			currentVersion = 8D2BCB922768F0D0004F49A9 /* OwnedCrypto.xcdatamodel */;
			path = OwnedCrypto.xcdatamodeld;
			sourceTree = "<group>";
			versionGroupType = wrapper.xcdatamodel;
		};
/* End XCVersionGroup section */
	};
	rootObject = B61307582754EE480094A35C /* Project object */;
}
